// !$*UTF8*$!
{
	archiveVersion = 1;
	classes = {
	};
	objectVersion = 55;
	objects = {

/* Begin PBXBuildFile section */
		418D54F7C2AE60A4BE62B4FF /* Pods_NasaGalleryApp.framework in Frameworks */ = {isa = PBXBuildFile; fileRef = F39A1F142BB475C0567F6D51 /* Pods_NasaGalleryApp.framework */; };
		5B08AB5E29026E8B00F5489B /* AppDelegate.swift in Sources */ = {isa = PBXBuildFile; fileRef = 5B08AB5D29026E8B00F5489B /* AppDelegate.swift */; };
		5B08AB6529026E8B00F5489B /* Main.storyboard in Resources */ = {isa = PBXBuildFile; fileRef = 5B08AB6329026E8B00F5489B /* Main.storyboard */; };
		5B08AB6729026E8E00F5489B /* Assets.xcassets in Resources */ = {isa = PBXBuildFile; fileRef = 5B08AB6629026E8E00F5489B /* Assets.xcassets */; };
		5B08AB6A29026E8E00F5489B /* LaunchScreen.storyboard in Resources */ = {isa = PBXBuildFile; fileRef = 5B08AB6829026E8E00F5489B /* LaunchScreen.storyboard */; };
		5B60F6DF2902710E00F26B4A /* ImageGridViewController.swift in Sources */ = {isa = PBXBuildFile; fileRef = 5B60F6DE2902710E00F26B4A /* ImageGridViewController.swift */; };
		5B60F6E42902720900F26B4A /* Connectivity.swift in Sources */ = {isa = PBXBuildFile; fileRef = 5B60F6E32902720900F26B4A /* Connectivity.swift */; };
		5B60F6E8290273BA00F26B4A /* no-internet.json in Resources */ = {isa = PBXBuildFile; fileRef = 5B60F6E6290273B900F26B4A /* no-internet.json */; };
		5B60F6E9290273BA00F26B4A /* nasa-logo.json in Resources */ = {isa = PBXBuildFile; fileRef = 5B60F6E7290273BA00F26B4A /* nasa-logo.json */; };
		5B60F6EC290273D500F26B4A /* data.json in Resources */ = {isa = PBXBuildFile; fileRef = 5B60F6EB290273D500F26B4A /* data.json */; };
		5B60F6EE290273F200F26B4A /* ImageData.swift in Sources */ = {isa = PBXBuildFile; fileRef = 5B60F6ED290273F200F26B4A /* ImageData.swift */; };
		5B60F6F22902925D00F26B4A /* GridItemCollectionViewCell.swift in Sources */ = {isa = PBXBuildFile; fileRef = 5B60F6F02902925D00F26B4A /* GridItemCollectionViewCell.swift */; };
		5B60F6F32902925D00F26B4A /* GridItemCollectionViewCell.xib in Resources */ = {isa = PBXBuildFile; fileRef = 5B60F6F12902925D00F26B4A /* GridItemCollectionViewCell.xib */; };
		5B60F6F5290292B400F26B4A /* CommonFunctions.swift in Sources */ = {isa = PBXBuildFile; fileRef = 5B60F6F4290292B400F26B4A /* CommonFunctions.swift */; };
		5B60F6F82902939800F26B4A /* DataParser.swift in Sources */ = {isa = PBXBuildFile; fileRef = 5B60F6F72902939800F26B4A /* DataParser.swift */; };
/* End PBXBuildFile section */

/* Begin PBXFileReference section */
		1745509B064789B98EEEED7E /* Pods-NasaGalleryApp.debug.xcconfig */ = {isa = PBXFileReference; includeInIndex = 1; lastKnownFileType = text.xcconfig; name = "Pods-NasaGalleryApp.debug.xcconfig"; path = "Target Support Files/Pods-NasaGalleryApp/Pods-NasaGalleryApp.debug.xcconfig"; sourceTree = "<group>"; };
		5B08AB5A29026E8B00F5489B /* NasaGalleryApp.app */ = {isa = PBXFileReference; explicitFileType = wrapper.application; includeInIndex = 0; path = NasaGalleryApp.app; sourceTree = BUILT_PRODUCTS_DIR; };
		5B08AB5D29026E8B00F5489B /* AppDelegate.swift */ = {isa = PBXFileReference; lastKnownFileType = sourcecode.swift; path = AppDelegate.swift; sourceTree = "<group>"; };
		5B08AB6429026E8B00F5489B /* Base */ = {isa = PBXFileReference; lastKnownFileType = file.storyboard; name = Base; path = Base.lproj/Main.storyboard; sourceTree = "<group>"; };
		5B08AB6629026E8E00F5489B /* Assets.xcassets */ = {isa = PBXFileReference; lastKnownFileType = folder.assetcatalog; path = Assets.xcassets; sourceTree = "<group>"; };
		5B08AB6929026E8E00F5489B /* Base */ = {isa = PBXFileReference; lastKnownFileType = file.storyboard; name = Base; path = Base.lproj/LaunchScreen.storyboard; sourceTree = "<group>"; };
		5B08AB6B29026E8E00F5489B /* Info.plist */ = {isa = PBXFileReference; lastKnownFileType = text.plist.xml; path = Info.plist; sourceTree = "<group>"; };
		5B60F6DE2902710E00F26B4A /* ImageGridViewController.swift */ = {isa = PBXFileReference; lastKnownFileType = sourcecode.swift; path = ImageGridViewController.swift; sourceTree = "<group>"; };
		5B60F6E32902720900F26B4A /* Connectivity.swift */ = {isa = PBXFileReference; lastKnownFileType = sourcecode.swift; path = Connectivity.swift; sourceTree = "<group>"; };
		5B60F6E6290273B900F26B4A /* no-internet.json */ = {isa = PBXFileReference; fileEncoding = 4; lastKnownFileType = text.json; path = "no-internet.json"; sourceTree = "<group>"; };
		5B60F6E7290273BA00F26B4A /* nasa-logo.json */ = {isa = PBXFileReference; fileEncoding = 4; lastKnownFileType = text.json; path = "nasa-logo.json"; sourceTree = "<group>"; };
		5B60F6EB290273D500F26B4A /* data.json */ = {isa = PBXFileReference; fileEncoding = 4; lastKnownFileType = text.json; path = data.json; sourceTree = "<group>"; };
		5B60F6ED290273F200F26B4A /* ImageData.swift */ = {isa = PBXFileReference; lastKnownFileType = sourcecode.swift; path = ImageData.swift; sourceTree = "<group>"; };
		5B60F6F02902925D00F26B4A /* GridItemCollectionViewCell.swift */ = {isa = PBXFileReference; lastKnownFileType = sourcecode.swift; path = GridItemCollectionViewCell.swift; sourceTree = "<group>"; };
		5B60F6F12902925D00F26B4A /* GridItemCollectionViewCell.xib */ = {isa = PBXFileReference; lastKnownFileType = file.xib; path = GridItemCollectionViewCell.xib; sourceTree = "<group>"; };
		5B60F6F4290292B400F26B4A /* CommonFunctions.swift */ = {isa = PBXFileReference; lastKnownFileType = sourcecode.swift; path = CommonFunctions.swift; sourceTree = "<group>"; };
		5B60F6F72902939800F26B4A /* DataParser.swift */ = {isa = PBXFileReference; lastKnownFileType = sourcecode.swift; path = DataParser.swift; sourceTree = "<group>"; };
		7DC8CD614920EBAB28D45A94 /* Pods-NasaGalleryApp.release.xcconfig */ = {isa = PBXFileReference; includeInIndex = 1; lastKnownFileType = text.xcconfig; name = "Pods-NasaGalleryApp.release.xcconfig"; path = "Target Support Files/Pods-NasaGalleryApp/Pods-NasaGalleryApp.release.xcconfig"; sourceTree = "<group>"; };
		F39A1F142BB475C0567F6D51 /* Pods_NasaGalleryApp.framework */ = {isa = PBXFileReference; explicitFileType = wrapper.framework; includeInIndex = 0; path = Pods_NasaGalleryApp.framework; sourceTree = BUILT_PRODUCTS_DIR; };
/* End PBXFileReference section */

/* Begin PBXFrameworksBuildPhase section */
		5B08AB5729026E8B00F5489B /* Frameworks */ = {
			isa = PBXFrameworksBuildPhase;
			buildActionMask = 2147483647;
			files = (
				418D54F7C2AE60A4BE62B4FF /* Pods_NasaGalleryApp.framework in Frameworks */,
			);
			runOnlyForDeploymentPostprocessing = 0;
		};
/* End PBXFrameworksBuildPhase section */

/* Begin PBXGroup section */
		187B4121632899D3A51F6848 /* Pods */ = {
			isa = PBXGroup;
			children = (
				1745509B064789B98EEEED7E /* Pods-NasaGalleryApp.debug.xcconfig */,
				7DC8CD614920EBAB28D45A94 /* Pods-NasaGalleryApp.release.xcconfig */,
			);
			path = Pods;
			sourceTree = "<group>";
		};
		58E23DE89E9E424E2DEB65B3 /* Frameworks */ = {
			isa = PBXGroup;
			children = (
				F39A1F142BB475C0567F6D51 /* Pods_NasaGalleryApp.framework */,
			);
			name = Frameworks;
			sourceTree = "<group>";
		};
		5B08AB5129026E8B00F5489B = {
			isa = PBXGroup;
			children = (
				5B08AB5C29026E8B00F5489B /* NasaGalleryApp */,
				5B08AB5B29026E8B00F5489B /* Products */,
				187B4121632899D3A51F6848 /* Pods */,
				58E23DE89E9E424E2DEB65B3 /* Frameworks */,
			);
			sourceTree = "<group>";
		};
		5B08AB5B29026E8B00F5489B /* Products */ = {
			isa = PBXGroup;
			children = (
				5B08AB5A29026E8B00F5489B /* NasaGalleryApp.app */,
			);
			name = Products;
			sourceTree = "<group>";
		};
		5B08AB5C29026E8B00F5489B /* NasaGalleryApp */ = {
			isa = PBXGroup;
			children = (
				5B08AB6B29026E8E00F5489B /* Info.plist */,
				5B60F6F62902936500F26B4A /* Services */,
				5B60F6E2290271F900F26B4A /* Common */,
				5B60F6E12902717600F26B4A /* Project Files */,
				5B60F6E02902711500F26B4A /* Models */,
				5B60F6DC290270D200F26B4A /* Views */,
				5B60F6DB290270CB00F26B4A /* Controllers */,
			);
			path = NasaGalleryApp;
			sourceTree = "<group>";
		};
		5B60F6DB290270CB00F26B4A /* Controllers */ = {
			isa = PBXGroup;
			children = (
				5B60F6DE2902710E00F26B4A /* ImageGridViewController.swift */,
			);
			path = Controllers;
			sourceTree = "<group>";
		};
		5B60F6DC290270D200F26B4A /* Views */ = {
			isa = PBXGroup;
			children = (
				5B60F6DD290270D900F26B4A /* Storyboards */,
				5B60F6F02902925D00F26B4A /* GridItemCollectionViewCell.swift */,
				5B60F6F12902925D00F26B4A /* GridItemCollectionViewCell.xib */,
			);
			path = Views;
			sourceTree = "<group>";
		};
		5B60F6DD290270D900F26B4A /* Storyboards */ = {
			isa = PBXGroup;
			children = (
				5B08AB6829026E8E00F5489B /* LaunchScreen.storyboard */,
				5B08AB6329026E8B00F5489B /* Main.storyboard */,
			);
			path = Storyboards;
			sourceTree = "<group>";
		};
		5B60F6E02902711500F26B4A /* Models */ = {
			isa = PBXGroup;
			children = (
				5B60F6ED290273F200F26B4A /* ImageData.swift */,
			);
			path = Models;
			sourceTree = "<group>";
		};
		5B60F6E12902717600F26B4A /* Project Files */ = {
			isa = PBXGroup;
			children = (
				5B08AB5D29026E8B00F5489B /* AppDelegate.swift */,
				5B08AB6629026E8E00F5489B /* Assets.xcassets */,
			);
			path = "Project Files";
			sourceTree = "<group>";
		};
		5B60F6E2290271F900F26B4A /* Common */ = {
			isa = PBXGroup;
			children = (
				5B60F6EA290273C600F26B4A /* Data */,
				5B60F6E52902739B00F26B4A /* Lottie */,
				5B60F6F4290292B400F26B4A /* CommonFunctions.swift */,
			);
			path = Common;
			sourceTree = "<group>";
		};
		5B60F6E52902739B00F26B4A /* Lottie */ = {
			isa = PBXGroup;
			children = (
				5B60F6E7290273BA00F26B4A /* nasa-logo.json */,
				5B60F6E6290273B900F26B4A /* no-internet.json */,
			);
			path = Lottie;
			sourceTree = "<group>";
		};
		5B60F6EA290273C600F26B4A /* Data */ = {
			isa = PBXGroup;
			children = (
				5B60F6EB290273D500F26B4A /* data.json */,
			);
			path = Data;
			sourceTree = "<group>";
		};
		5B60F6F62902936500F26B4A /* Services */ = {
			isa = PBXGroup;
			children = (
				5B60F6E32902720900F26B4A /* Connectivity.swift */,
				5B60F6F72902939800F26B4A /* DataParser.swift */,
			);
			path = Services;
			sourceTree = "<group>";
		};
/* End PBXGroup section */

/* Begin PBXNativeTarget section */
		5B08AB5929026E8B00F5489B /* NasaGalleryApp */ = {
			isa = PBXNativeTarget;
			buildConfigurationList = 5B08AB6E29026E8E00F5489B /* Build configuration list for PBXNativeTarget "NasaGalleryApp" */;
			buildPhases = (
				788D79818B4C92CA134B7F44 /* [CP] Check Pods Manifest.lock */,
				5B08AB5629026E8B00F5489B /* Sources */,
				5B08AB5729026E8B00F5489B /* Frameworks */,
				5B08AB5829026E8B00F5489B /* Resources */,
				4B54489D51CDE2A89FD0EBCF /* [CP] Embed Pods Frameworks */,
			);
			buildRules = (
			);
			dependencies = (
			);
			name = NasaGalleryApp;
			productName = NasaGalleryApp;
			productReference = 5B08AB5A29026E8B00F5489B /* NasaGalleryApp.app */;
			productType = "com.apple.product-type.application";
		};
/* End PBXNativeTarget section */

/* Begin PBXProject section */
		5B08AB5229026E8B00F5489B /* Project object */ = {
			isa = PBXProject;
			attributes = {
				BuildIndependentTargetsInParallel = 1;
				LastSwiftUpdateCheck = 1340;
				LastUpgradeCheck = 1340;
				TargetAttributes = {
					5B08AB5929026E8B00F5489B = {
						CreatedOnToolsVersion = 13.4.1;
					};
				};
			};
			buildConfigurationList = 5B08AB5529026E8B00F5489B /* Build configuration list for PBXProject "NasaGalleryApp" */;
			compatibilityVersion = "Xcode 13.0";
			developmentRegion = en;
			hasScannedForEncodings = 0;
			knownRegions = (
				en,
				Base,
			);
			mainGroup = 5B08AB5129026E8B00F5489B;
			productRefGroup = 5B08AB5B29026E8B00F5489B /* Products */;
			projectDirPath = "";
			projectRoot = "";
			targets = (
				5B08AB5929026E8B00F5489B /* NasaGalleryApp */,
			);
		};
/* End PBXProject section */

/* Begin PBXResourcesBuildPhase section */
		5B08AB5829026E8B00F5489B /* Resources */ = {
			isa = PBXResourcesBuildPhase;
			buildActionMask = 2147483647;
			files = (
				5B60F6F32902925D00F26B4A /* GridItemCollectionViewCell.xib in Resources */,
				5B08AB6A29026E8E00F5489B /* LaunchScreen.storyboard in Resources */,
				5B60F6EC290273D500F26B4A /* data.json in Resources */,
				5B08AB6729026E8E00F5489B /* Assets.xcassets in Resources */,
				5B60F6E9290273BA00F26B4A /* nasa-logo.json in Resources */,
				5B08AB6529026E8B00F5489B /* Main.storyboard in Resources */,
				5B60F6E8290273BA00F26B4A /* no-internet.json in Resources */,
			);
			runOnlyForDeploymentPostprocessing = 0;
		};
/* End PBXResourcesBuildPhase section */

/* Begin PBXShellScriptBuildPhase section */
		4B54489D51CDE2A89FD0EBCF /* [CP] Embed Pods Frameworks */ = {
			isa = PBXShellScriptBuildPhase;
			buildActionMask = 2147483647;
			files = (
			);
			inputFileListPaths = (
				"${PODS_ROOT}/Target Support Files/Pods-NasaGalleryApp/Pods-NasaGalleryApp-frameworks-${CONFIGURATION}-input-files.xcfilelist",
			);
			name = "[CP] Embed Pods Frameworks";
			outputFileListPaths = (
				"${PODS_ROOT}/Target Support Files/Pods-NasaGalleryApp/Pods-NasaGalleryApp-frameworks-${CONFIGURATION}-output-files.xcfilelist",
			);
			runOnlyForDeploymentPostprocessing = 0;
			shellPath = /bin/sh;
			shellScript = "\"${PODS_ROOT}/Target Support Files/Pods-NasaGalleryApp/Pods-NasaGalleryApp-frameworks.sh\"\n";
			showEnvVarsInLog = 0;
		};
		788D79818B4C92CA134B7F44 /* [CP] Check Pods Manifest.lock */ = {
			isa = PBXShellScriptBuildPhase;
			buildActionMask = 2147483647;
			files = (
			);
			inputFileListPaths = (
			);
			inputPaths = (
				"${PODS_PODFILE_DIR_PATH}/Podfile.lock",
				"${PODS_ROOT}/Manifest.lock",
			);
			name = "[CP] Check Pods Manifest.lock";
			outputFileListPaths = (
			);
			outputPaths = (
				"$(DERIVED_FILE_DIR)/Pods-NasaGalleryApp-checkManifestLockResult.txt",
			);
			runOnlyForDeploymentPostprocessing = 0;
			shellPath = /bin/sh;
			shellScript = "diff \"${PODS_PODFILE_DIR_PATH}/Podfile.lock\" \"${PODS_ROOT}/Manifest.lock\" > /dev/null\nif [ $? != 0 ] ; then\n    # print error to STDERR\n    echo \"error: The sandbox is not in sync with the Podfile.lock. Run 'pod install' or update your CocoaPods installation.\" >&2\n    exit 1\nfi\n# This output is used by Xcode 'outputs' to avoid re-running this script phase.\necho \"SUCCESS\" > \"${SCRIPT_OUTPUT_FILE_0}\"\n";
			showEnvVarsInLog = 0;
		};
/* End PBXShellScriptBuildPhase section */

/* Begin PBXSourcesBuildPhase section */
		5B08AB5629026E8B00F5489B /* Sources */ = {
			isa = PBXSourcesBuildPhase;
			buildActionMask = 2147483647;
			files = (
				5B60F6F5290292B400F26B4A /* CommonFunctions.swift in Sources */,
				5B60F6DF2902710E00F26B4A /* ImageGridViewController.swift in Sources */,
				5B08AB5E29026E8B00F5489B /* AppDelegate.swift in Sources */,
				5B60F6F22902925D00F26B4A /* GridItemCollectionViewCell.swift in Sources */,
				5B60F6E42902720900F26B4A /* Connectivity.swift in Sources */,
				5B60F6F82902939800F26B4A /* DataParser.swift in Sources */,
				5B60F6EE290273F200F26B4A /* ImageData.swift in Sources */,
			);
			runOnlyForDeploymentPostprocessing = 0;
		};
/* End PBXSourcesBuildPhase section */

/* Begin PBXVariantGroup section */
		5B08AB6329026E8B00F5489B /* Main.storyboard */ = {
			isa = PBXVariantGroup;
			children = (
				5B08AB6429026E8B00F5489B /* Base */,
			);
			name = Main.storyboard;
			sourceTree = "<group>";
		};
		5B08AB6829026E8E00F5489B /* LaunchScreen.storyboard */ = {
			isa = PBXVariantGroup;
			children = (
				5B08AB6929026E8E00F5489B /* Base */,
			);
			name = LaunchScreen.storyboard;
			sourceTree = "<group>";
		};
/* End PBXVariantGroup section */

/* Begin XCBuildConfiguration section */
		5B08AB6C29026E8E00F5489B /* Debug */ = {
			isa = XCBuildConfiguration;
			buildSettings = {
				ALWAYS_SEARCH_USER_PATHS = NO;
				CLANG_ANALYZER_NONNULL = YES;
				CLANG_ANALYZER_NUMBER_OBJECT_CONVERSION = YES_AGGRESSIVE;
				CLANG_CXX_LANGUAGE_STANDARD = "gnu++17";
				CLANG_ENABLE_MODULES = YES;
				CLANG_ENABLE_OBJC_ARC = YES;
				CLANG_ENABLE_OBJC_WEAK = YES;
				CLANG_WARN_BLOCK_CAPTURE_AUTORELEASING = YES;
				CLANG_WARN_BOOL_CONVERSION = YES;
				CLANG_WARN_COMMA = YES;
				CLANG_WARN_CONSTANT_CONVERSION = YES;
				CLANG_WARN_DEPRECATED_OBJC_IMPLEMENTATIONS = YES;
				CLANG_WARN_DIRECT_OBJC_ISA_USAGE = YES_ERROR;
				CLANG_WARN_DOCUMENTATION_COMMENTS = YES;
				CLANG_WARN_EMPTY_BODY = YES;
				CLANG_WARN_ENUM_CONVERSION = YES;
				CLANG_WARN_INFINITE_RECURSION = YES;
				CLANG_WARN_INT_CONVERSION = YES;
				CLANG_WARN_NON_LITERAL_NULL_CONVERSION = YES;
				CLANG_WARN_OBJC_IMPLICIT_RETAIN_SELF = YES;
				CLANG_WARN_OBJC_LITERAL_CONVERSION = YES;
				CLANG_WARN_OBJC_ROOT_CLASS = YES_ERROR;
				CLANG_WARN_QUOTED_INCLUDE_IN_FRAMEWORK_HEADER = YES;
				CLANG_WARN_RANGE_LOOP_ANALYSIS = YES;
				CLANG_WARN_STRICT_PROTOTYPES = YES;
				CLANG_WARN_SUSPICIOUS_MOVE = YES;
				CLANG_WARN_UNGUARDED_AVAILABILITY = YES_AGGRESSIVE;
				CLANG_WARN_UNREACHABLE_CODE = YES;
				CLANG_WARN__DUPLICATE_METHOD_MATCH = YES;
				COPY_PHASE_STRIP = NO;
				DEBUG_INFORMATION_FORMAT = dwarf;
				ENABLE_STRICT_OBJC_MSGSEND = YES;
				ENABLE_TESTABILITY = YES;
				GCC_C_LANGUAGE_STANDARD = gnu11;
				GCC_DYNAMIC_NO_PIC = NO;
				GCC_NO_COMMON_BLOCKS = YES;
				GCC_OPTIMIZATION_LEVEL = 0;
				GCC_PREPROCESSOR_DEFINITIONS = (
					"DEBUG=1",
					"$(inherited)",
				);
				GCC_WARN_64_TO_32_BIT_CONVERSION = YES;
				GCC_WARN_ABOUT_RETURN_TYPE = YES_ERROR;
				GCC_WARN_UNDECLARED_SELECTOR = YES;
				GCC_WARN_UNINITIALIZED_AUTOS = YES_AGGRESSIVE;
				GCC_WARN_UNUSED_FUNCTION = YES;
				GCC_WARN_UNUSED_VARIABLE = YES;
				IPHONEOS_DEPLOYMENT_TARGET = 13.0;
				MTL_ENABLE_DEBUG_INFO = INCLUDE_SOURCE;
				MTL_FAST_MATH = YES;
				ONLY_ACTIVE_ARCH = YES;
				SDKROOT = iphoneos;
				SWIFT_ACTIVE_COMPILATION_CONDITIONS = DEBUG;
				SWIFT_OPTIMIZATION_LEVEL = "-Onone";
			};
			name = Debug;
		};
		5B08AB6D29026E8E00F5489B /* Release */ = {
			isa = XCBuildConfiguration;
			buildSettings = {
				ALWAYS_SEARCH_USER_PATHS = NO;
				CLANG_ANALYZER_NONNULL = YES;
				CLANG_ANALYZER_NUMBER_OBJECT_CONVERSION = YES_AGGRESSIVE;
				CLANG_CXX_LANGUAGE_STANDARD = "gnu++17";
				CLANG_ENABLE_MODULES = YES;
				CLANG_ENABLE_OBJC_ARC = YES;
				CLANG_ENABLE_OBJC_WEAK = YES;
				CLANG_WARN_BLOCK_CAPTURE_AUTORELEASING = YES;
				CLANG_WARN_BOOL_CONVERSION = YES;
				CLANG_WARN_COMMA = YES;
				CLANG_WARN_CONSTANT_CONVERSION = YES;
				CLANG_WARN_DEPRECATED_OBJC_IMPLEMENTATIONS = YES;
				CLANG_WARN_DIRECT_OBJC_ISA_USAGE = YES_ERROR;
				CLANG_WARN_DOCUMENTATION_COMMENTS = YES;
				CLANG_WARN_EMPTY_BODY = YES;
				CLANG_WARN_ENUM_CONVERSION = YES;
				CLANG_WARN_INFINITE_RECURSION = YES;
				CLANG_WARN_INT_CONVERSION = YES;
				CLANG_WARN_NON_LITERAL_NULL_CONVERSION = YES;
				CLANG_WARN_OBJC_IMPLICIT_RETAIN_SELF = YES;
				CLANG_WARN_OBJC_LITERAL_CONVERSION = YES;
				CLANG_WARN_OBJC_ROOT_CLASS = YES_ERROR;
				CLANG_WARN_QUOTED_INCLUDE_IN_FRAMEWORK_HEADER = YES;
				CLANG_WARN_RANGE_LOOP_ANALYSIS = YES;
				CLANG_WARN_STRICT_PROTOTYPES = YES;
				CLANG_WARN_SUSPICIOUS_MOVE = YES;
				CLANG_WARN_UNGUARDED_AVAILABILITY = YES_AGGRESSIVE;
				CLANG_WARN_UNREACHABLE_CODE = YES;
				CLANG_WARN__DUPLICATE_METHOD_MATCH = YES;
				COPY_PHASE_STRIP = NO;
				DEBUG_INFORMATION_FORMAT = "dwarf-with-dsym";
				ENABLE_NS_ASSERTIONS = NO;
				ENABLE_STRICT_OBJC_MSGSEND = YES;
				GCC_C_LANGUAGE_STANDARD = gnu11;
				GCC_NO_COMMON_BLOCKS = YES;
				GCC_WARN_64_TO_32_BIT_CONVERSION = YES;
				GCC_WARN_ABOUT_RETURN_TYPE = YES_ERROR;
				GCC_WARN_UNDECLARED_SELECTOR = YES;
				GCC_WARN_UNINITIALIZED_AUTOS = YES_AGGRESSIVE;
				GCC_WARN_UNUSED_FUNCTION = YES;
				GCC_WARN_UNUSED_VARIABLE = YES;
				IPHONEOS_DEPLOYMENT_TARGET = 13.0;
				MTL_ENABLE_DEBUG_INFO = NO;
				MTL_FAST_MATH = YES;
				SDKROOT = iphoneos;
				SWIFT_COMPILATION_MODE = wholemodule;
				SWIFT_OPTIMIZATION_LEVEL = "-O";
				VALIDATE_PRODUCT = YES;
			};
			name = Release;
		};
		5B08AB6F29026E8E00F5489B /* Debug */ = {
			isa = XCBuildConfiguration;
			baseConfigurationReference = 1745509B064789B98EEEED7E /* Pods-NasaGalleryApp.debug.xcconfig */;
			buildSettings = {
				ASSETCATALOG_COMPILER_APPICON_NAME = AppIcon;
				ASSETCATALOG_COMPILER_GLOBAL_ACCENT_COLOR_NAME = AccentColor;
				CODE_SIGN_STYLE = Automatic;
				CURRENT_PROJECT_VERSION = 1;
				DEVELOPMENT_TEAM = 3QNK6Q944R;
				GENERATE_INFOPLIST_FILE = YES;
				INFOPLIST_FILE = NasaGalleryApp/Info.plist;
				INFOPLIST_KEY_UIApplicationSupportsIndirectInputEvents = YES;
				INFOPLIST_KEY_UILaunchStoryboardName = LaunchScreen;
				INFOPLIST_KEY_UIMainStoryboardFile = Main;
				INFOPLIST_KEY_UISupportedInterfaceOrientations_iPad = "UIInterfaceOrientationPortrait UIInterfaceOrientationPortraitUpsideDown UIInterfaceOrientationLandscapeLeft UIInterfaceOrientationLandscapeRight";
				INFOPLIST_KEY_UISupportedInterfaceOrientations_iPhone = "UIInterfaceOrientationPortrait UIInterfaceOrientationLandscapeLeft UIInterfaceOrientationLandscapeRight";
				LD_RUNPATH_SEARCH_PATHS = (
					"$(inherited)",
					"@executable_path/Frameworks",
				);
				MARKETING_VERSION = 1.0;
				PRODUCT_BUNDLE_IDENTIFIER = com.kingk2.NasaGalleryApp;
				PRODUCT_NAME = "$(TARGET_NAME)";
				SWIFT_EMIT_LOC_STRINGS = YES;
				SWIFT_VERSION = 5.0;
				TARGETED_DEVICE_FAMILY = "1,2";
			};
			name = Debug;
		};
		5B08AB7029026E8E00F5489B /* Release */ = {
			isa = XCBuildConfiguration;
			baseConfigurationReference = 7DC8CD614920EBAB28D45A94 /* Pods-NasaGalleryApp.release.xcconfig */;
			buildSettings = {
				ASSETCATALOG_COMPILER_APPICON_NAME = AppIcon;
				ASSETCATALOG_COMPILER_GLOBAL_ACCENT_COLOR_NAME = AccentColor;
				CODE_SIGN_STYLE = Automatic;
				CURRENT_PROJECT_VERSION = 1;
				DEVELOPMENT_TEAM = 3QNK6Q944R;
				GENERATE_INFOPLIST_FILE = YES;
				INFOPLIST_FILE = NasaGalleryApp/Info.plist;
				INFOPLIST_KEY_UIApplicationSupportsIndirectInputEvents = YES;
				INFOPLIST_KEY_UILaunchStoryboardName = LaunchScreen;
				INFOPLIST_KEY_UIMainStoryboardFile = Main;
				INFOPLIST_KEY_UISupportedInterfaceOrientations_iPad = "UIInterfaceOrientationPortrait UIInterfaceOrientationPortraitUpsideDown UIInterfaceOrientationLandscapeLeft UIInterfaceOrientationLandscapeRight";
				INFOPLIST_KEY_UISupportedInterfaceOrientations_iPhone = "UIInterfaceOrientationPortrait UIInterfaceOrientationLandscapeLeft UIInterfaceOrientationLandscapeRight";
				LD_RUNPATH_SEARCH_PATHS = (
					"$(inherited)",
					"@executable_path/Frameworks",
				);
				MARKETING_VERSION = 1.0;
				PRODUCT_BUNDLE_IDENTIFIER = com.kingk2.NasaGalleryApp;
				PRODUCT_NAME = "$(TARGET_NAME)";
				SWIFT_EMIT_LOC_STRINGS = YES;
				SWIFT_VERSION = 5.0;
				TARGETED_DEVICE_FAMILY = "1,2";
			};
			name = Release;
		};
/* End XCBuildConfiguration section */

/* Begin XCConfigurationList section */
		5B08AB5529026E8B00F5489B /* Build configuration list for PBXProject "NasaGalleryApp" */ = {
			isa = XCConfigurationList;
			buildConfigurations = (
				5B08AB6C29026E8E00F5489B /* Debug */,
				5B08AB6D29026E8E00F5489B /* Release */,
			);
			defaultConfigurationIsVisible = 0;
			defaultConfigurationName = Release;
		};
		5B08AB6E29026E8E00F5489B /* Build configuration list for PBXNativeTarget "NasaGalleryApp" */ = {
			isa = XCConfigurationList;
			buildConfigurations = (
				5B08AB6F29026E8E00F5489B /* Debug */,
				5B08AB7029026E8E00F5489B /* Release */,
			);
			defaultConfigurationIsVisible = 0;
			defaultConfigurationName = Release;
		};
/* End XCConfigurationList section */
	};
	rootObject = 5B08AB5229026E8B00F5489B /* Project object */;
}
